// !$*UTF8*$!
{
	archiveVersion = 1;
	classes = {
	};
	objectVersion = 77;
	objects = {

/* Begin PBXContainerItemProxy section */
		FA1B7C462E4B323B00748CA5 /* PBXContainerItemProxy */ = {
			isa = PBXContainerItemProxy;
			containerPortal = FA1B7C302E4B323A00748CA5 /* Project object */;
			proxyType = 1;
			remoteGlobalIDString = FA1B7C372E4B323A00748CA5;
			remoteInfo = RickAndMortyExplorer;
		};
		FA1B7C502E4B323B00748CA5 /* PBXContainerItemProxy */ = {
			isa = PBXContainerItemProxy;
			containerPortal = FA1B7C302E4B323A00748CA5 /* Project object */;
			proxyType = 1;
			remoteGlobalIDString = FA1B7C372E4B323A00748CA5;
			remoteInfo = RickAndMortyExplorer;
		};
/* End PBXContainerItemProxy section */

/* Begin PBXFileReference section */
		FA1B7C382E4B323A00748CA5 /* RickAndMortyExplorer.app */ = {isa = PBXFileReference; explicitFileType = wrapper.application; includeInIndex = 0; path = RickAndMortyExplorer.app; sourceTree = BUILT_PRODUCTS_DIR; };
		FA1B7C452E4B323B00748CA5 /* RickAndMortyExplorerTests.xctest */ = {isa = PBXFileReference; explicitFileType = wrapper.cfbundle; includeInIndex = 0; path = RickAndMortyExplorerTests.xctest; sourceTree = BUILT_PRODUCTS_DIR; };
		FA1B7C4F2E4B323B00748CA5 /* RickAndMortyExplorerUITests.xctest */ = {isa = PBXFileReference; explicitFileType = wrapper.cfbundle; includeInIndex = 0; path = RickAndMortyExplorerUITests.xctest; sourceTree = BUILT_PRODUCTS_DIR; };
/* End PBXFileReference section */

/* Begin PBXFileSystemSynchronizedRootGroup section */
		FA1B7C3A2E4B323A00748CA5 /* RickAndMortyExplorer */ = {
			isa = PBXFileSystemSynchronizedRootGroup;
			path = RickAndMortyExplorer;
			sourceTree = "<group>";
		};
		FA1B7C482E4B323B00748CA5 /* RickAndMortyExplorerTests */ = {
			isa = PBXFileSystemSynchronizedRootGroup;
			path = RickAndMortyExplorerTests;
			sourceTree = "<group>";
		};
		FA1B7C522E4B323B00748CA5 /* RickAndMortyExplorerUITests */ = {
			isa = PBXFileSystemSynchronizedRootGroup;
			path = RickAndMortyExplorerUITests;
			sourceTree = "<group>";
		};
/* End PBXFileSystemSynchronizedRootGroup section */

/* Begin PBXFrameworksBuildPhase section */
		FA1B7C352E4B323A00748CA5 /* Frameworks */ = {
			isa = PBXFrameworksBuildPhase;
			buildActionMask = 2147483647;
			files = (
			);
			runOnlyForDeploymentPostprocessing = 0;
		};
		FA1B7C422E4B323B00748CA5 /* Frameworks */ = {
			isa = PBXFrameworksBuildPhase;
			buildActionMask = 2147483647;
			files = (
			);
			runOnlyForDeploymentPostprocessing = 0;
		};
		FA1B7C4C2E4B323B00748CA5 /* Frameworks */ = {
			isa = PBXFrameworksBuildPhase;
			buildActionMask = 2147483647;
			files = (
			);
			runOnlyForDeploymentPostprocessing = 0;
		};
/* End PBXFrameworksBuildPhase section */

/* Begin PBXGroup section */
		FA1B7C2F2E4B323A00748CA5 = {
			isa = PBXGroup;
			children = (
				FA1B7C3A2E4B323A00748CA5 /* RickAndMortyExplorer */,
				FA1B7C482E4B323B00748CA5 /* RickAndMortyExplorerTests */,
				FA1B7C522E4B323B00748CA5 /* RickAndMortyExplorerUITests */,
				FA1B7C392E4B323A00748CA5 /* Products */,
			);
			sourceTree = "<group>";
		};
		FA1B7C392E4B323A00748CA5 /* Products */ = {
			isa = PBXGroup;
			children = (
				FA1B7C382E4B323A00748CA5 /* RickAndMortyExplorer.app */,
				FA1B7C452E4B323B00748CA5 /* RickAndMortyExplorerTests.xctest */,
				FA1B7C4F2E4B323B00748CA5 /* RickAndMortyExplorerUITests.xctest */,
			);
			name = Products;
			sourceTree = "<group>";
		};
/* End PBXGroup section */

/* Begin PBXNativeTarget section */
		FA1B7C372E4B323A00748CA5 /* RickAndMortyExplorer */ = {
			isa = PBXNativeTarget;
			buildConfigurationList = FA1B7C592E4B323B00748CA5 /* Build configuration list for PBXNativeTarget "RickAndMortyExplorer" */;
			buildPhases = (
				FA1B7C342E4B323A00748CA5 /* Sources */,
				FA1B7C352E4B323A00748CA5 /* Frameworks */,
				FA1B7C362E4B323A00748CA5 /* Resources */,
			);
			buildRules = (
			);
			dependencies = (
			);
			fileSystemSynchronizedGroups = (
				FA1B7C3A2E4B323A00748CA5 /* RickAndMortyExplorer */,
			);
			name = RickAndMortyExplorer;
			packageProductDependencies = (
			);
			productName = RickAndMortyExplorer;
			productReference = FA1B7C382E4B323A00748CA5 /* RickAndMortyExplorer.app */;
			productType = "com.apple.product-type.application";
		};
		FA1B7C442E4B323B00748CA5 /* RickAndMortyExplorerTests */ = {
			isa = PBXNativeTarget;
			buildConfigurationList = FA1B7C5C2E4B323B00748CA5 /* Build configuration list for PBXNativeTarget "RickAndMortyExplorerTests" */;
			buildPhases = (
				FA1B7C412E4B323B00748CA5 /* Sources */,
				FA1B7C422E4B323B00748CA5 /* Frameworks */,
				FA1B7C432E4B323B00748CA5 /* Resources */,
			);
			buildRules = (
			);
			dependencies = (
				FA1B7C472E4B323B00748CA5 /* PBXTargetDependency */,
			);
			fileSystemSynchronizedGroups = (
				FA1B7C482E4B323B00748CA5 /* RickAndMortyExplorerTests */,
			);
			name = RickAndMortyExplorerTests;
			packageProductDependencies = (
			);
			productName = RickAndMortyExplorerTests;
			productReference = FA1B7C452E4B323B00748CA5 /* RickAndMortyExplorerTests.xctest */;
			productType = "com.apple.product-type.bundle.unit-test";
		};
		FA1B7C4E2E4B323B00748CA5 /* RickAndMortyExplorerUITests */ = {
			isa = PBXNativeTarget;
			buildConfigurationList = FA1B7C5F2E4B323B00748CA5 /* Build configuration list for PBXNativeTarget "RickAndMortyExplorerUITests" */;
			buildPhases = (
				FA1B7C4B2E4B323B00748CA5 /* Sources */,
				FA1B7C4C2E4B323B00748CA5 /* Frameworks */,
				FA1B7C4D2E4B323B00748CA5 /* Resources */,
			);
			buildRules = (
			);
			dependencies = (
				FA1B7C512E4B323B00748CA5 /* PBXTargetDependency */,
			);
			fileSystemSynchronizedGroups = (
				FA1B7C522E4B323B00748CA5 /* RickAndMortyExplorerUITests */,
			);
			name = RickAndMortyExplorerUITests;
			packageProductDependencies = (
			);
			productName = RickAndMortyExplorerUITests;
			productReference = FA1B7C4F2E4B323B00748CA5 /* RickAndMortyExplorerUITests.xctest */;
			productType = "com.apple.product-type.bundle.ui-testing";
		};
/* End PBXNativeTarget section */

/* Begin PBXProject section */
		FA1B7C302E4B323A00748CA5 /* Project object */ = {
			isa = PBXProject;
			attributes = {
				BuildIndependentTargetsInParallel = 1;
				LastSwiftUpdateCheck = 1640;
				LastUpgradeCheck = 1640;
				TargetAttributes = {
					FA1B7C372E4B323A00748CA5 = {
						CreatedOnToolsVersion = 16.4;
					};
					FA1B7C442E4B323B00748CA5 = {
						CreatedOnToolsVersion = 16.4;
						TestTargetID = FA1B7C372E4B323A00748CA5;
					};
					FA1B7C4E2E4B323B00748CA5 = {
						CreatedOnToolsVersion = 16.4;
						TestTargetID = FA1B7C372E4B323A00748CA5;
					};
				};
			};
			buildConfigurationList = FA1B7C332E4B323A00748CA5 /* Build configuration list for PBXProject "RickAndMortyExplorer" */;
			developmentRegion = en;
			hasScannedForEncodings = 0;
			knownRegions = (
				en,
				Base,
			);
			mainGroup = FA1B7C2F2E4B323A00748CA5;
			minimizedProjectReferenceProxies = 1;
			preferredProjectObjectVersion = 77;
			productRefGroup = FA1B7C392E4B323A00748CA5 /* Products */;
			projectDirPath = "";
			projectRoot = "";
			targets = (
				FA1B7C372E4B323A00748CA5 /* RickAndMortyExplorer */,
				FA1B7C442E4B323B00748CA5 /* RickAndMortyExplorerTests */,
				FA1B7C4E2E4B323B00748CA5 /* RickAndMortyExplorerUITests */,
			);
		};
/* End PBXProject section */

/* Begin PBXResourcesBuildPhase section */
		FA1B7C362E4B323A00748CA5 /* Resources */ = {
			isa = PBXResourcesBuildPhase;
			buildActionMask = 2147483647;
			files = (
			);
			runOnlyForDeploymentPostprocessing = 0;
		};
		FA1B7C432E4B323B00748CA5 /* Resources */ = {
			isa = PBXResourcesBuildPhase;
			buildActionMask = 2147483647;
			files = (
			);
			runOnlyForDeploymentPostprocessing = 0;
		};
		FA1B7C4D2E4B323B00748CA5 /* Resources */ = {
			isa = PBXResourcesBuildPhase;
			buildActionMask = 2147483647;
			files = (
			);
			runOnlyForDeploymentPostprocessing = 0;
		};
/* End PBXResourcesBuildPhase section */

/* Begin PBXSourcesBuildPhase section */
		FA1B7C342E4B323A00748CA5 /* Sources */ = {
			isa = PBXSourcesBuildPhase;
			buildActionMask = 2147483647;
			files = (
			);
			runOnlyForDeploymentPostprocessing = 0;
		};
		FA1B7C412E4B323B00748CA5 /* Sources */ = {
			isa = PBXSourcesBuildPhase;
			buildActionMask = 2147483647;
			files = (
			);
			runOnlyForDeploymentPostprocessing = 0;
		};
		FA1B7C4B2E4B323B00748CA5 /* Sources */ = {
			isa = PBXSourcesBuildPhase;
			buildActionMask = 2147483647;
			files = (
			);
			runOnlyForDeploymentPostprocessing = 0;
		};
/* End PBXSourcesBuildPhase section */

/* Begin PBXTargetDependency section */
		FA1B7C472E4B323B00748CA5 /* PBXTargetDependency */ = {
			isa = PBXTargetDependency;
			target = FA1B7C372E4B323A00748CA5 /* RickAndMortyExplorer */;
			targetProxy = FA1B7C462E4B323B00748CA5 /* PBXContainerItemProxy */;
		};
		FA1B7C512E4B323B00748CA5 /* PBXTargetDependency */ = {
			isa = PBXTargetDependency;
			target = FA1B7C372E4B323A00748CA5 /* RickAndMortyExplorer */;
			targetProxy = FA1B7C502E4B323B00748CA5 /* PBXContainerItemProxy */;
		};
/* End PBXTargetDependency section */

/* Begin XCBuildConfiguration section */
		FA1B7C572E4B323B00748CA5 /* Debug */ = {
			isa = XCBuildConfiguration;
			buildSettings = {
				ALWAYS_SEARCH_USER_PATHS = NO;
				ASSETCATALOG_COMPILER_GENERATE_SWIFT_ASSET_SYMBOL_EXTENSIONS = YES;
				CLANG_ANALYZER_NONNULL = YES;
				CLANG_ANALYZER_NUMBER_OBJECT_CONVERSION = YES_AGGRESSIVE;
				CLANG_CXX_LANGUAGE_STANDARD = "gnu++20";
				CLANG_ENABLE_MODULES = YES;
				CLANG_ENABLE_OBJC_ARC = YES;
				CLANG_ENABLE_OBJC_WEAK = YES;
				CLANG_WARN_BLOCK_CAPTURE_AUTORELEASING = YES;
				CLANG_WARN_BOOL_CONVERSION = YES;
				CLANG_WARN_COMMA = YES;
				CLANG_WARN_CONSTANT_CONVERSION = YES;
				CLANG_WARN_DEPRECATED_OBJC_IMPLEMENTATIONS = YES;
				CLANG_WARN_DIRECT_OBJC_ISA_USAGE = YES_ERROR;
				CLANG_WARN_DOCUMENTATION_COMMENTS = YES;
				CLANG_WARN_EMPTY_BODY = YES;
				CLANG_WARN_ENUM_CONVERSION = YES;
				CLANG_WARN_INFINITE_RECURSION = YES;
				CLANG_WARN_INT_CONVERSION = YES;
				CLANG_WARN_NON_LITERAL_NULL_CONVERSION = YES;
				CLANG_WARN_OBJC_IMPLICIT_RETAIN_SELF = YES;
				CLANG_WARN_OBJC_LITERAL_CONVERSION = YES;
				CLANG_WARN_OBJC_ROOT_CLASS = YES_ERROR;
				CLANG_WARN_QUOTED_INCLUDE_IN_FRAMEWORK_HEADER = YES;
				CLANG_WARN_RANGE_LOOP_ANALYSIS = YES;
				CLANG_WARN_STRICT_PROTOTYPES = YES;
				CLANG_WARN_SUSPICIOUS_MOVE = YES;
				CLANG_WARN_UNGUARDED_AVAILABILITY = YES_AGGRESSIVE;
				CLANG_WARN_UNREACHABLE_CODE = YES;
				CLANG_WARN__DUPLICATE_METHOD_MATCH = YES;
				COPY_PHASE_STRIP = NO;
				DEBUG_INFORMATION_FORMAT = dwarf;
				ENABLE_STRICT_OBJC_MSGSEND = YES;
				ENABLE_TESTABILITY = YES;
				ENABLE_USER_SCRIPT_SANDBOXING = YES;
				GCC_C_LANGUAGE_STANDARD = gnu17;
				GCC_DYNAMIC_NO_PIC = NO;
				GCC_NO_COMMON_BLOCKS = YES;
				GCC_OPTIMIZATION_LEVEL = 0;
				GCC_PREPROCESSOR_DEFINITIONS = (
					"DEBUG=1",
					"$(inherited)",
				);
				GCC_WARN_64_TO_32_BIT_CONVERSION = YES;
				GCC_WARN_ABOUT_RETURN_TYPE = YES_ERROR;
				GCC_WARN_UNDECLARED_SELECTOR = YES;
				GCC_WARN_UNINITIALIZED_AUTOS = YES_AGGRESSIVE;
				GCC_WARN_UNUSED_FUNCTION = YES;
				GCC_WARN_UNUSED_VARIABLE = YES;
				IPHONEOS_DEPLOYMENT_TARGET = 18.5;
				LOCALIZATION_PREFERS_STRING_CATALOGS = YES;
				MTL_ENABLE_DEBUG_INFO = INCLUDE_SOURCE;
				MTL_FAST_MATH = YES;
				ONLY_ACTIVE_ARCH = YES;
				SDKROOT = iphoneos;
				SWIFT_ACTIVE_COMPILATION_CONDITIONS = "DEBUG $(inherited)";
				SWIFT_OPTIMIZATION_LEVEL = "-Onone";
			};
			name = Debug;
		};
		FA1B7C582E4B323B00748CA5 /* Release */ = {
			isa = XCBuildConfiguration;
			buildSettings = {
				ALWAYS_SEARCH_USER_PATHS = NO;
				ASSETCATALOG_COMPILER_GENERATE_SWIFT_ASSET_SYMBOL_EXTENSIONS = YES;
				CLANG_ANALYZER_NONNULL = YES;
				CLANG_ANALYZER_NUMBER_OBJECT_CONVERSION = YES_AGGRESSIVE;
				CLANG_CXX_LANGUAGE_STANDARD = "gnu++20";
				CLANG_ENABLE_MODULES = YES;
				CLANG_ENABLE_OBJC_ARC = YES;
				CLANG_ENABLE_OBJC_WEAK = YES;
				CLANG_WARN_BLOCK_CAPTURE_AUTORELEASING = YES;
				CLANG_WARN_BOOL_CONVERSION = YES;
				CLANG_WARN_COMMA = YES;
				CLANG_WARN_CONSTANT_CONVERSION = YES;
				CLANG_WARN_DEPRECATED_OBJC_IMPLEMENTATIONS = YES;
				CLANG_WARN_DIRECT_OBJC_ISA_USAGE = YES_ERROR;
				CLANG_WARN_DOCUMENTATION_COMMENTS = YES;
				CLANG_WARN_EMPTY_BODY = YES;
				CLANG_WARN_ENUM_CONVERSION = YES;
				CLANG_WARN_INFINITE_RECURSION = YES;
				CLANG_WARN_INT_CONVERSION = YES;
				CLANG_WARN_NON_LITERAL_NULL_CONVERSION = YES;
				CLANG_WARN_OBJC_IMPLICIT_RETAIN_SELF = YES;
				CLANG_WARN_OBJC_LITERAL_CONVERSION = YES;
				CLANG_WARN_OBJC_ROOT_CLASS = YES_ERROR;
				CLANG_WARN_QUOTED_INCLUDE_IN_FRAMEWORK_HEADER = YES;
				CLANG_WARN_RANGE_LOOP_ANALYSIS = YES;
				CLANG_WARN_STRICT_PROTOTYPES = YES;
				CLANG_WARN_SUSPICIOUS_MOVE = YES;
				CLANG_WARN_UNGUARDED_AVAILABILITY = YES_AGGRESSIVE;
				CLANG_WARN_UNREACHABLE_CODE = YES;
				CLANG_WARN__DUPLICATE_METHOD_MATCH = YES;
				COPY_PHASE_STRIP = NO;
				DEBUG_INFORMATION_FORMAT = "dwarf-with-dsym";
				ENABLE_NS_ASSERTIONS = NO;
				ENABLE_STRICT_OBJC_MSGSEND = YES;
				ENABLE_USER_SCRIPT_SANDBOXING = YES;
				GCC_C_LANGUAGE_STANDARD = gnu17;
				GCC_NO_COMMON_BLOCKS = YES;
				GCC_WARN_64_TO_32_BIT_CONVERSION = YES;
				GCC_WARN_ABOUT_RETURN_TYPE = YES_ERROR;
				GCC_WARN_UNDECLARED_SELECTOR = YES;
				GCC_WARN_UNINITIALIZED_AUTOS = YES_AGGRESSIVE;
				GCC_WARN_UNUSED_FUNCTION = YES;
				GCC_WARN_UNUSED_VARIABLE = YES;
				IPHONEOS_DEPLOYMENT_TARGET = 18.5;
				LOCALIZATION_PREFERS_STRING_CATALOGS = YES;
				MTL_ENABLE_DEBUG_INFO = NO;
				MTL_FAST_MATH = YES;
				SDKROOT = iphoneos;
				SWIFT_COMPILATION_MODE = wholemodule;
				VALIDATE_PRODUCT = YES;
			};
			name = Release;
		};
		FA1B7C5A2E4B323B00748CA5 /* Debug */ = {
			isa = XCBuildConfiguration;
			buildSettings = {
				ASSETCATALOG_COMPILER_APPICON_NAME = AppIcon;
				ASSETCATALOG_COMPILER_GLOBAL_ACCENT_COLOR_NAME = AccentColor;
				CODE_SIGN_STYLE = Automatic;
				CURRENT_PROJECT_VERSION = 1;
				ENABLE_PREVIEWS = YES;
				GENERATE_INFOPLIST_FILE = YES;
				INFOPLIST_KEY_UIApplicationSceneManifest_Generation = YES;
				INFOPLIST_KEY_UIApplicationSupportsIndirectInputEvents = YES;
				INFOPLIST_KEY_UILaunchScreen_Generation = YES;
				INFOPLIST_KEY_UISupportedInterfaceOrientations_iPad = "UIInterfaceOrientationPortrait UIInterfaceOrientationPortraitUpsideDown UIInterfaceOrientationLandscapeLeft UIInterfaceOrientationLandscapeRight";
				INFOPLIST_KEY_UISupportedInterfaceOrientations_iPhone = "UIInterfaceOrientationPortrait UIInterfaceOrientationLandscapeLeft UIInterfaceOrientationLandscapeRight";
				LD_RUNPATH_SEARCH_PATHS = (
					"$(inherited)",
					"@executable_path/Frameworks",
				);
				MARKETING_VERSION = 1.0;
				PRODUCT_BUNDLE_IDENTIFIER = anxo.RickAndMortyExplorer;
				PRODUCT_NAME = "$(TARGET_NAME)";
				SWIFT_EMIT_LOC_STRINGS = YES;
				SWIFT_VERSION = 5.0;
				TARGETED_DEVICE_FAMILY = "1,2";
			};
			name = Debug;
		};
		FA1B7C5B2E4B323B00748CA5 /* Release */ = {
			isa = XCBuildConfiguration;
			buildSettings = {
				ASSETCATALOG_COMPILER_APPICON_NAME = AppIcon;
				ASSETCATALOG_COMPILER_GLOBAL_ACCENT_COLOR_NAME = AccentColor;
				CODE_SIGN_STYLE = Automatic;
				CURRENT_PROJECT_VERSION = 1;
				ENABLE_PREVIEWS = YES;
				GENERATE_INFOPLIST_FILE = YES;
				INFOPLIST_KEY_UIApplicationSceneManifest_Generation = YES;
				INFOPLIST_KEY_UIApplicationSupportsIndirectInputEvents = YES;
				INFOPLIST_KEY_UILaunchScreen_Generation = YES;
				INFOPLIST_KEY_UISupportedInterfaceOrientations_iPad = "UIInterfaceOrientationPortrait UIInterfaceOrientationPortraitUpsideDown UIInterfaceOrientationLandscapeLeft UIInterfaceOrientationLandscapeRight";
				INFOPLIST_KEY_UISupportedInterfaceOrientations_iPhone = "UIInterfaceOrientationPortrait UIInterfaceOrientationLandscapeLeft UIInterfaceOrientationLandscapeRight";
				LD_RUNPATH_SEARCH_PATHS = (
					"$(inherited)",
					"@executable_path/Frameworks",
				);
				MARKETING_VERSION = 1.0;
				PRODUCT_BUNDLE_IDENTIFIER = anxo.RickAndMortyExplorer;
				PRODUCT_NAME = "$(TARGET_NAME)";
				SWIFT_EMIT_LOC_STRINGS = YES;
				SWIFT_VERSION = 5.0;
				TARGETED_DEVICE_FAMILY = "1,2";
			};
			name = Release;
		};
		FA1B7C5D2E4B323B00748CA5 /* Debug */ = {
			isa = XCBuildConfiguration;
			buildSettings = {
				BUNDLE_LOADER = "$(TEST_HOST)";
				CODE_SIGN_STYLE = Automatic;
				CURRENT_PROJECT_VERSION = 1;
				GENERATE_INFOPLIST_FILE = YES;
				IPHONEOS_DEPLOYMENT_TARGET = 18.5;
				MARKETING_VERSION = 1.0;
				PRODUCT_BUNDLE_IDENTIFIER = anxo.RickAndMortyExplorerTests;
				PRODUCT_NAME = "$(TARGET_NAME)";
				SWIFT_EMIT_LOC_STRINGS = NO;
				SWIFT_VERSION = 5.0;
				TARGETED_DEVICE_FAMILY = "1,2";
				TEST_HOST = "$(BUILT_PRODUCTS_DIR)/RickAndMortyExplorer.app/$(BUNDLE_EXECUTABLE_FOLDER_PATH)/RickAndMortyExplorer";
			};
			name = Debug;
		};
		FA1B7C5E2E4B323B00748CA5 /* Release */ = {
			isa = XCBuildConfiguration;
			buildSettings = {
				BUNDLE_LOADER = "$(TEST_HOST)";
				CODE_SIGN_STYLE = Automatic;
				CURRENT_PROJECT_VERSION = 1;
				GENERATE_INFOPLIST_FILE = YES;
				IPHONEOS_DEPLOYMENT_TARGET = 18.5;
				MARKETING_VERSION = 1.0;
				PRODUCT_BUNDLE_IDENTIFIER = anxo.RickAndMortyExplorerTests;
				PRODUCT_NAME = "$(TARGET_NAME)";
				SWIFT_EMIT_LOC_STRINGS = NO;
				SWIFT_VERSION = 5.0;
				TARGETED_DEVICE_FAMILY = "1,2";
				TEST_HOST = "$(BUILT_PRODUCTS_DIR)/RickAndMortyExplorer.app/$(BUNDLE_EXECUTABLE_FOLDER_PATH)/RickAndMortyExplorer";
			};
			name = Release;
		};
		FA1B7C602E4B323B00748CA5 /* Debug */ = {
			isa = XCBuildConfiguration;
			buildSettings = {
				CODE_SIGN_STYLE = Automatic;
				CURRENT_PROJECT_VERSION = 1;
				GENERATE_INFOPLIST_FILE = YES;
				MARKETING_VERSION = 1.0;
				PRODUCT_BUNDLE_IDENTIFIER = anxo.RickAndMortyExplorerUITests;
				PRODUCT_NAME = "$(TARGET_NAME)";
				SWIFT_EMIT_LOC_STRINGS = NO;
				SWIFT_VERSION = 5.0;
				TARGETED_DEVICE_FAMILY = "1,2";
				TEST_TARGET_NAME = RickAndMortyExplorer;
			};
			name = Debug;
		};
		FA1B7C612E4B323B00748CA5 /* Release */ = {
			isa = XCBuildConfiguration;
			buildSettings = {
				CODE_SIGN_STYLE = Automatic;
				CURRENT_PROJECT_VERSION = 1;
				GENERATE_INFOPLIST_FILE = YES;
				MARKETING_VERSION = 1.0;
				PRODUCT_BUNDLE_IDENTIFIER = anxo.RickAndMortyExplorerUITests;
				PRODUCT_NAME = "$(TARGET_NAME)";
				SWIFT_EMIT_LOC_STRINGS = NO;
				SWIFT_VERSION = 5.0;
				TARGETED_DEVICE_FAMILY = "1,2";
				TEST_TARGET_NAME = RickAndMortyExplorer;
			};
			name = Release;
		};
/* End XCBuildConfiguration section */

/* Begin XCConfigurationList section */
		FA1B7C332E4B323A00748CA5 /* Build configuration list for PBXProject "RickAndMortyExplorer" */ = {
			isa = XCConfigurationList;
			buildConfigurations = (
				FA1B7C572E4B323B00748CA5 /* Debug */,
				FA1B7C582E4B323B00748CA5 /* Release */,
			);
			defaultConfigurationIsVisible = 0;
			defaultConfigurationName = Release;
		};
		FA1B7C592E4B323B00748CA5 /* Build configuration list for PBXNativeTarget "RickAndMortyExplorer" */ = {
			isa = XCConfigurationList;
			buildConfigurations = (
				FA1B7C5A2E4B323B00748CA5 /* Debug */,
				FA1B7C5B2E4B323B00748CA5 /* Release */,
			);
			defaultConfigurationIsVisible = 0;
			defaultConfigurationName = Release;
		};
		FA1B7C5C2E4B323B00748CA5 /* Build configuration list for PBXNativeTarget "RickAndMortyExplorerTests" */ = {
			isa = XCConfigurationList;
			buildConfigurations = (
				FA1B7C5D2E4B323B00748CA5 /* Debug */,
				FA1B7C5E2E4B323B00748CA5 /* Release */,
			);
			defaultConfigurationIsVisible = 0;
			defaultConfigurationName = Release;
		};
		FA1B7C5F2E4B323B00748CA5 /* Build configuration list for PBXNativeTarget "RickAndMortyExplorerUITests" */ = {
			isa = XCConfigurationList;
			buildConfigurations = (
				FA1B7C602E4B323B00748CA5 /* Debug */,
				FA1B7C612E4B323B00748CA5 /* Release */,
			);
			defaultConfigurationIsVisible = 0;
			defaultConfigurationName = Release;
		};
/* End XCConfigurationList section */
	};
	rootObject = FA1B7C302E4B323A00748CA5 /* Project object */;
}
